
Microsoft Visual Studio Solution File, Format Version 12.00
# Visual Studio 15
VisualStudioVersion = 15.0.28307.572
MinimumVisualStudioVersion = 10.0.40219.1
Project("{FAE04EC0-301F-11D3-BF4B-00C04F79EFBC}") = "DefinicionClase", "DefinicionClase\DefinicionClase.csproj", "{34E15C71-ABEF-441A-9D13-0A5B07AC8051}"
EndProject
Global
	GlobalSection(SolutionConfigurationPlatforms) = preSolution
		Debug|Any CPU = Debug|Any CPU
		Release|Any CPU = Release|Any CPU
	EndGlobalSection
	GlobalSection(ProjectConfigurationPlatforms) = postSolution
		{34E15C71-ABEF-441A-9D13-0A5B07AC8051}.Debug|Any CPU.ActiveCfg = Debug|Any CPU
		{34E15C71-ABEF-441A-9D13-0A5B07AC8051}.Debug|Any CPU.Build.0 = Debug|Any CPU
		{34E15C71-ABEF-441A-9D13-0A5B07AC8051}.Release|Any CPU.ActiveCfg = Release|Any CPU
		{34E15C71-ABEF-441A-9D13-0A5B07AC8051}.Release|Any CPU.Build.0 = Release|Any CPU
	EndGlobalSection
	GlobalSection(SolutionProperties) = preSolution
		HideSolutionNode = FALSE
	EndGlobalSection
	GlobalSection(ExtensibilityGlobals) = postSolution
		SolutionGuid = {3757EEA7-2843-436C-936A-889C994195B9}
	EndGlobalSection
EndGlobal
